// !$*UTF8*$!
{
	archiveVersion = 1;
	classes = {
	};
	objectVersion = 77;
	objects = {

/* Begin PBXBuildFile section */
		D450039F2D8941D2007BE3EB /* SwiftUISampleTestPlan.xctestplan in Resources */ = {isa = PBXBuildFile; fileRef = D450039E2D8941D2007BE3EB /* SwiftUISampleTestPlan.xctestplan */; };
		D45003BB2D89862C007BE3EB /* Apollo in Frameworks */ = {isa = PBXBuildFile; productRef = D45003BA2D89862C007BE3EB /* Apollo */; };
/* End PBXBuildFile section */

/* Begin PBXContainerItemProxy section */
		C141E5A72D840034008132D6 /* PBXContainerItemProxy */ = {
			isa = PBXContainerItemProxy;
			containerPortal = D4C6B4192D8002210092D063 /* Project object */;
			proxyType = 1;
			remoteGlobalIDString = D4C6B4202D8002210092D063;
			remoteInfo = SwiftUISample;
		};
		D4EEED202D829CF000D87DB8 /* PBXContainerItemProxy */ = {
			isa = PBXContainerItemProxy;
			containerPortal = D4C6B4192D8002210092D063 /* Project object */;
			proxyType = 1;
			remoteGlobalIDString = D4C6B4202D8002210092D063;
			remoteInfo = SwiftUISample;
		};
		D4EEED2D2D82B10200D87DB8 /* PBXContainerItemProxy */ = {
			isa = PBXContainerItemProxy;
			containerPortal = D4C6B4192D8002210092D063 /* Project object */;
			proxyType = 1;
			remoteGlobalIDString = D4C6B4202D8002210092D063;
			remoteInfo = SwiftUISample;
		};
/* End PBXContainerItemProxy section */

/* Begin PBXCopyFilesBuildPhase section */
		D45003B02D898534007BE3EB /* Embed Frameworks */ = {
			isa = PBXCopyFilesBuildPhase;
			buildActionMask = 2147483647;
			dstPath = "";
			dstSubfolderSpec = 10;
			files = (
			);
			name = "Embed Frameworks";
			runOnlyForDeploymentPostprocessing = 0;
		};
/* End PBXCopyFilesBuildPhase section */

/* Begin PBXFileReference section */
		C141E5A32D840034008132D6 /* SwiftUISampleSwiftUnitTests.xctest */ = {isa = PBXFileReference; explicitFileType = wrapper.cfbundle; includeInIndex = 0; path = SwiftUISampleSwiftUnitTests.xctest; sourceTree = BUILT_PRODUCTS_DIR; };
		D450039E2D8941D2007BE3EB /* SwiftUISampleTestPlan.xctestplan */ = {isa = PBXFileReference; lastKnownFileType = text; path = SwiftUISampleTestPlan.xctestplan; sourceTree = "<group>"; };
		D4C6B4212D8002210092D063 /* SwiftUISample.app */ = {isa = PBXFileReference; explicitFileType = wrapper.application; includeInIndex = 0; path = SwiftUISample.app; sourceTree = BUILT_PRODUCTS_DIR; };
		D4EEED1A2D829CF000D87DB8 /* SwiftUISampleUITests.xctest */ = {isa = PBXFileReference; explicitFileType = wrapper.cfbundle; includeInIndex = 0; path = SwiftUISampleUITests.xctest; sourceTree = BUILT_PRODUCTS_DIR; };
		D4EEED292D82B10100D87DB8 /* SwiftUISampleUnitTests.xctest */ = {isa = PBXFileReference; explicitFileType = wrapper.cfbundle; includeInIndex = 0; path = SwiftUISampleUnitTests.xctest; sourceTree = BUILT_PRODUCTS_DIR; };
/* End PBXFileReference section */

/* Begin PBXFileSystemSynchronizedBuildFileExceptionSet section */
		D45003C52D89A59B007BE3EB /* Exceptions for "SwiftUISample" folder in "SwiftUISample" target */ = {
			isa = PBXFileSystemSynchronizedBuildFileExceptionSet;
			membershipExceptions = (
				Data/GraphQL/Queries.graphql,
			);
			target = D4C6B4202D8002210092D063 /* SwiftUISample */;
		};
/* End PBXFileSystemSynchronizedBuildFileExceptionSet section */

/* Begin PBXFileSystemSynchronizedGroupBuildPhaseMembershipExceptionSet section */
		D45003C62D89A59B007BE3EB /* Exceptions for "SwiftUISample" folder in "Compile Sources" phase from "SwiftUISample" target */ = {
			isa = PBXFileSystemSynchronizedGroupBuildPhaseMembershipExceptionSet;
			buildPhase = D4C6B41D2D8002210092D063 /* Sources */;
			membershipExceptions = (
				Data/GraphQL/Queries.graphql,
			);
		};
/* End PBXFileSystemSynchronizedGroupBuildPhaseMembershipExceptionSet section */

/* Begin PBXFileSystemSynchronizedRootGroup section */
		C141E5A42D840034008132D6 /* SwiftUISampleSwiftUnitTests */ = {
			isa = PBXFileSystemSynchronizedRootGroup;
			path = SwiftUISampleSwiftUnitTests;
			sourceTree = "<group>";
		};
		D4C6B4232D8002210092D063 /* SwiftUISample */ = {
			isa = PBXFileSystemSynchronizedRootGroup;
			exceptions = (
				D45003C52D89A59B007BE3EB /* Exceptions for "SwiftUISample" folder in "SwiftUISample" target */,
				D45003C62D89A59B007BE3EB /* Exceptions for "SwiftUISample" folder in "Compile Sources" phase from "SwiftUISample" target */,
			);
			path = SwiftUISample;
			sourceTree = "<group>";
		};
		D4EEED1B2D829CF000D87DB8 /* SwiftUISampleUITests */ = {
			isa = PBXFileSystemSynchronizedRootGroup;
			path = SwiftUISampleUITests;
			sourceTree = "<group>";
		};
		D4EEED2A2D82B10200D87DB8 /* SwiftUISampleUnitTests */ = {
			isa = PBXFileSystemSynchronizedRootGroup;
			path = SwiftUISampleUnitTests;
			sourceTree = "<group>";
		};
/* End PBXFileSystemSynchronizedRootGroup section */

/* Begin PBXFrameworksBuildPhase section */
		C141E5A02D840034008132D6 /* Frameworks */ = {
			isa = PBXFrameworksBuildPhase;
			buildActionMask = 2147483647;
			files = (
			);
			runOnlyForDeploymentPostprocessing = 0;
		};
		D4C6B41E2D8002210092D063 /* Frameworks */ = {
			isa = PBXFrameworksBuildPhase;
			buildActionMask = 2147483647;
			files = (
				D45003BB2D89862C007BE3EB /* Apollo in Frameworks */,
			);
			runOnlyForDeploymentPostprocessing = 0;
		};
		D4EEED172D829CF000D87DB8 /* Frameworks */ = {
			isa = PBXFrameworksBuildPhase;
			buildActionMask = 2147483647;
			files = (
			);
			runOnlyForDeploymentPostprocessing = 0;
		};
		D4EEED262D82B10100D87DB8 /* Frameworks */ = {
			isa = PBXFrameworksBuildPhase;
			buildActionMask = 2147483647;
			files = (
			);
			runOnlyForDeploymentPostprocessing = 0;
		};
/* End PBXFrameworksBuildPhase section */

/* Begin PBXGroup section */
		D45003A82D8984BC007BE3EB /* Frameworks */ = {
			isa = PBXGroup;
			children = (
			);
			name = Frameworks;
			sourceTree = "<group>";
		};
		D4C6B4182D8002210092D063 = {
			isa = PBXGroup;
			children = (
				D450039E2D8941D2007BE3EB /* SwiftUISampleTestPlan.xctestplan */,
				D4C6B4232D8002210092D063 /* SwiftUISample */,
				D4EEED1B2D829CF000D87DB8 /* SwiftUISampleUITests */,
				D4EEED2A2D82B10200D87DB8 /* SwiftUISampleUnitTests */,
				C141E5A42D840034008132D6 /* SwiftUISampleSwiftUnitTests */,
				D45003A82D8984BC007BE3EB /* Frameworks */,
				D4C6B4222D8002210092D063 /* Products */,
			);
			sourceTree = "<group>";
		};
		D4C6B4222D8002210092D063 /* Products */ = {
			isa = PBXGroup;
			children = (
				D4C6B4212D8002210092D063 /* SwiftUISample.app */,
				D4EEED1A2D829CF000D87DB8 /* SwiftUISampleUITests.xctest */,
				D4EEED292D82B10100D87DB8 /* SwiftUISampleUnitTests.xctest */,
				C141E5A32D840034008132D6 /* SwiftUISampleSwiftUnitTests.xctest */,
			);
			name = Products;
			sourceTree = "<group>";
		};
/* End PBXGroup section */

/* Begin PBXNativeTarget section */
		C141E5A22D840034008132D6 /* SwiftUISampleSwiftUnitTests */ = {
			isa = PBXNativeTarget;
			buildConfigurationList = C141E5A92D840034008132D6 /* Build configuration list for PBXNativeTarget "SwiftUISampleSwiftUnitTests" */;
			buildPhases = (
				C141E59F2D840034008132D6 /* Sources */,
				C141E5A02D840034008132D6 /* Frameworks */,
				C141E5A12D840034008132D6 /* Resources */,
			);
			buildRules = (
			);
			dependencies = (
				C141E5A82D840034008132D6 /* PBXTargetDependency */,
			);
			fileSystemSynchronizedGroups = (
				C141E5A42D840034008132D6 /* SwiftUISampleSwiftUnitTests */,
			);
			name = SwiftUISampleSwiftUnitTests;
			packageProductDependencies = (
			);
			productName = SwiftUISampleSwiftUnitTests;
			productReference = C141E5A32D840034008132D6 /* SwiftUISampleSwiftUnitTests.xctest */;
			productType = "com.apple.product-type.bundle.unit-test";
		};
		D4C6B4202D8002210092D063 /* SwiftUISample */ = {
			isa = PBXNativeTarget;
			buildConfigurationList = D4C6B42F2D8002220092D063 /* Build configuration list for PBXNativeTarget "SwiftUISample" */;
			buildPhases = (
				D4C6B41D2D8002210092D063 /* Sources */,
				D4C6B41E2D8002210092D063 /* Frameworks */,
				D4C6B41F2D8002210092D063 /* Resources */,
				D45003B02D898534007BE3EB /* Embed Frameworks */,
			);
			buildRules = (
			);
			dependencies = (
			);
			fileSystemSynchronizedGroups = (
				D4C6B4232D8002210092D063 /* SwiftUISample */,
			);
			name = SwiftUISample;
			packageProductDependencies = (
				D45003BA2D89862C007BE3EB /* Apollo */,
			);
			productName = SwiftUISample;
			productReference = D4C6B4212D8002210092D063 /* SwiftUISample.app */;
			productType = "com.apple.product-type.application";
		};
		D4EEED192D829CF000D87DB8 /* SwiftUISampleUITests */ = {
			isa = PBXNativeTarget;
			buildConfigurationList = D4EEED242D829CF000D87DB8 /* Build configuration list for PBXNativeTarget "SwiftUISampleUITests" */;
			buildPhases = (
				D4EEED162D829CF000D87DB8 /* Sources */,
				D4EEED172D829CF000D87DB8 /* Frameworks */,
				D4EEED182D829CF000D87DB8 /* Resources */,
			);
			buildRules = (
			);
			dependencies = (
				D4EEED212D829CF000D87DB8 /* PBXTargetDependency */,
			);
			fileSystemSynchronizedGroups = (
				D4EEED1B2D829CF000D87DB8 /* SwiftUISampleUITests */,
			);
			name = SwiftUISampleUITests;
			packageProductDependencies = (
			);
			productName = SwiftUISampleUITests;
			productReference = D4EEED1A2D829CF000D87DB8 /* SwiftUISampleUITests.xctest */;
			productType = "com.apple.product-type.bundle.ui-testing";
		};
		D4EEED282D82B10100D87DB8 /* SwiftUISampleUnitTests */ = {
			isa = PBXNativeTarget;
			buildConfigurationList = D4EEED2F2D82B10200D87DB8 /* Build configuration list for PBXNativeTarget "SwiftUISampleUnitTests" */;
			buildPhases = (
				D4EEED252D82B10100D87DB8 /* Sources */,
				D4EEED262D82B10100D87DB8 /* Frameworks */,
				D4EEED272D82B10100D87DB8 /* Resources */,
			);
			buildRules = (
			);
			dependencies = (
				D4EEED2E2D82B10200D87DB8 /* PBXTargetDependency */,
			);
			fileSystemSynchronizedGroups = (
				D4EEED2A2D82B10200D87DB8 /* SwiftUISampleUnitTests */,
			);
			name = SwiftUISampleUnitTests;
			packageProductDependencies = (
			);
			productName = SwiftUISampleUnitTests;
			productReference = D4EEED292D82B10100D87DB8 /* SwiftUISampleUnitTests.xctest */;
			productType = "com.apple.product-type.bundle.unit-test";
		};
/* End PBXNativeTarget section */

/* Begin PBXProject section */
		D4C6B4192D8002210092D063 /* Project object */ = {
			isa = PBXProject;
			attributes = {
				BuildIndependentTargetsInParallel = 1;
				LastSwiftUpdateCheck = 1620;
				LastUpgradeCheck = 1620;
				TargetAttributes = {
					C141E5A22D840034008132D6 = {
						CreatedOnToolsVersion = 16.2;
						TestTargetID = D4C6B4202D8002210092D063;
					};
					D4C6B4202D8002210092D063 = {
						CreatedOnToolsVersion = 16.2;
					};
					D4EEED192D829CF000D87DB8 = {
						CreatedOnToolsVersion = 16.2;
						TestTargetID = D4C6B4202D8002210092D063;
					};
					D4EEED282D82B10100D87DB8 = {
						CreatedOnToolsVersion = 16.2;
						LastSwiftMigration = 1620;
						TestTargetID = D4C6B4202D8002210092D063;
					};
				};
			};
			buildConfigurationList = D4C6B41C2D8002210092D063 /* Build configuration list for PBXProject "SwiftUISample" */;
			developmentRegion = en;
			hasScannedForEncodings = 0;
			knownRegions = (
				en,
				Base,
			);
			mainGroup = D4C6B4182D8002210092D063;
			minimizedProjectReferenceProxies = 1;
			packageReferences = (
				D45003AB2D89851A007BE3EB /* XCRemoteSwiftPackageReference "apollo-ios" */,
			);
			preferredProjectObjectVersion = 77;
			productRefGroup = D4C6B4222D8002210092D063 /* Products */;
			projectDirPath = "";
			projectRoot = "";
			targets = (
				D4C6B4202D8002210092D063 /* SwiftUISample */,
				D4EEED192D829CF000D87DB8 /* SwiftUISampleUITests */,
				D4EEED282D82B10100D87DB8 /* SwiftUISampleUnitTests */,
				C141E5A22D840034008132D6 /* SwiftUISampleSwiftUnitTests */,
			);
		};
/* End PBXProject section */

/* Begin PBXResourcesBuildPhase section */
		C141E5A12D840034008132D6 /* Resources */ = {
			isa = PBXResourcesBuildPhase;
			buildActionMask = 2147483647;
			files = (
			);
			runOnlyForDeploymentPostprocessing = 0;
		};
		D4C6B41F2D8002210092D063 /* Resources */ = {
			isa = PBXResourcesBuildPhase;
			buildActionMask = 2147483647;
			files = (
				D450039F2D8941D2007BE3EB /* SwiftUISampleTestPlan.xctestplan in Resources */,
			);
			runOnlyForDeploymentPostprocessing = 0;
		};
		D4EEED182D829CF000D87DB8 /* Resources */ = {
			isa = PBXResourcesBuildPhase;
			buildActionMask = 2147483647;
			files = (
			);
			runOnlyForDeploymentPostprocessing = 0;
		};
		D4EEED272D82B10100D87DB8 /* Resources */ = {
			isa = PBXResourcesBuildPhase;
			buildActionMask = 2147483647;
			files = (
			);
			runOnlyForDeploymentPostprocessing = 0;
		};
/* End PBXResourcesBuildPhase section */

/* Begin PBXSourcesBuildPhase section */
		C141E59F2D840034008132D6 /* Sources */ = {
			isa = PBXSourcesBuildPhase;
			buildActionMask = 2147483647;
			files = (
			);
			runOnlyForDeploymentPostprocessing = 0;
		};
		D4C6B41D2D8002210092D063 /* Sources */ = {
			isa = PBXSourcesBuildPhase;
			buildActionMask = 2147483647;
			files = (
			);
			runOnlyForDeploymentPostprocessing = 0;
		};
		D4EEED162D829CF000D87DB8 /* Sources */ = {
			isa = PBXSourcesBuildPhase;
			buildActionMask = 2147483647;
			files = (
			);
			runOnlyForDeploymentPostprocessing = 0;
		};
		D4EEED252D82B10100D87DB8 /* Sources */ = {
			isa = PBXSourcesBuildPhase;
			buildActionMask = 2147483647;
			files = (
			);
			runOnlyForDeploymentPostprocessing = 0;
		};
/* End PBXSourcesBuildPhase section */

/* Begin PBXTargetDependency section */
		C141E5A82D840034008132D6 /* PBXTargetDependency */ = {
			isa = PBXTargetDependency;
			target = D4C6B4202D8002210092D063 /* SwiftUISample */;
			targetProxy = C141E5A72D840034008132D6 /* PBXContainerItemProxy */;
		};
		D4EEED212D829CF000D87DB8 /* PBXTargetDependency */ = {
			isa = PBXTargetDependency;
			target = D4C6B4202D8002210092D063 /* SwiftUISample */;
			targetProxy = D4EEED202D829CF000D87DB8 /* PBXContainerItemProxy */;
		};
		D4EEED2E2D82B10200D87DB8 /* PBXTargetDependency */ = {
			isa = PBXTargetDependency;
			target = D4C6B4202D8002210092D063 /* SwiftUISample */;
			targetProxy = D4EEED2D2D82B10200D87DB8 /* PBXContainerItemProxy */;
		};
/* End PBXTargetDependency section */

/* Begin XCBuildConfiguration section */
		C141E5AA2D840034008132D6 /* Debug */ = {
			isa = XCBuildConfiguration;
			buildSettings = {
				BUNDLE_LOADER = "$(TEST_HOST)";
				CODE_SIGN_STYLE = Automatic;
				CURRENT_PROJECT_VERSION = 1;
				DEVELOPMENT_TEAM = 42F6P42LNZ;
				GENERATE_INFOPLIST_FILE = YES;
				MARKETING_VERSION = 1.0;
				PRODUCT_BUNDLE_IDENTIFIER = com.rizo.SwiftUISampleSwiftUnitTests;
				PRODUCT_NAME = "$(TARGET_NAME)";
				SWIFT_EMIT_LOC_STRINGS = NO;
				SWIFT_VERSION = 5.0;
				TARGETED_DEVICE_FAMILY = "1,2";
				TEST_HOST = "$(BUILT_PRODUCTS_DIR)/SwiftUISample.app/$(BUNDLE_EXECUTABLE_FOLDER_PATH)/SwiftUISample";
			};
			name = Debug;
		};
		C141E5AB2D840034008132D6 /* Release */ = {
			isa = XCBuildConfiguration;
			buildSettings = {
				BUNDLE_LOADER = "$(TEST_HOST)";
				CODE_SIGN_STYLE = Automatic;
				CURRENT_PROJECT_VERSION = 1;
				DEVELOPMENT_TEAM = 42F6P42LNZ;
				GENERATE_INFOPLIST_FILE = YES;
				MARKETING_VERSION = 1.0;
				PRODUCT_BUNDLE_IDENTIFIER = com.rizo.SwiftUISampleSwiftUnitTests;
				PRODUCT_NAME = "$(TARGET_NAME)";
				SWIFT_EMIT_LOC_STRINGS = NO;
				SWIFT_VERSION = 5.0;
				TARGETED_DEVICE_FAMILY = "1,2";
				TEST_HOST = "$(BUILT_PRODUCTS_DIR)/SwiftUISample.app/$(BUNDLE_EXECUTABLE_FOLDER_PATH)/SwiftUISample";
			};
			name = Release;
		};
		D4C6B42D2D8002220092D063 /* Debug */ = {
			isa = XCBuildConfiguration;
			buildSettings = {
				ALWAYS_SEARCH_USER_PATHS = NO;
				ASSETCATALOG_COMPILER_GENERATE_SWIFT_ASSET_SYMBOL_EXTENSIONS = YES;
				CLANG_ANALYZER_NONNULL = YES;
				CLANG_ANALYZER_NUMBER_OBJECT_CONVERSION = YES_AGGRESSIVE;
				CLANG_CXX_LANGUAGE_STANDARD = "gnu++20";
				CLANG_ENABLE_MODULES = YES;
				CLANG_ENABLE_OBJC_ARC = YES;
				CLANG_ENABLE_OBJC_WEAK = YES;
				CLANG_WARN_BLOCK_CAPTURE_AUTORELEASING = YES;
				CLANG_WARN_BOOL_CONVERSION = YES;
				CLANG_WARN_COMMA = YES;
				CLANG_WARN_CONSTANT_CONVERSION = YES;
				CLANG_WARN_DEPRECATED_OBJC_IMPLEMENTATIONS = YES;
				CLANG_WARN_DIRECT_OBJC_ISA_USAGE = YES_ERROR;
				CLANG_WARN_DOCUMENTATION_COMMENTS = YES;
				CLANG_WARN_EMPTY_BODY = YES;
				CLANG_WARN_ENUM_CONVERSION = YES;
				CLANG_WARN_INFINITE_RECURSION = YES;
				CLANG_WARN_INT_CONVERSION = YES;
				CLANG_WARN_NON_LITERAL_NULL_CONVERSION = YES;
				CLANG_WARN_OBJC_IMPLICIT_RETAIN_SELF = YES;
				CLANG_WARN_OBJC_LITERAL_CONVERSION = YES;
				CLANG_WARN_OBJC_ROOT_CLASS = YES_ERROR;
				CLANG_WARN_QUOTED_INCLUDE_IN_FRAMEWORK_HEADER = YES;
				CLANG_WARN_RANGE_LOOP_ANALYSIS = YES;
				CLANG_WARN_STRICT_PROTOTYPES = YES;
				CLANG_WARN_SUSPICIOUS_MOVE = YES;
				CLANG_WARN_UNGUARDED_AVAILABILITY = YES_AGGRESSIVE;
				CLANG_WARN_UNREACHABLE_CODE = YES;
				CLANG_WARN__DUPLICATE_METHOD_MATCH = YES;
				COPY_PHASE_STRIP = NO;
				DEBUG_INFORMATION_FORMAT = dwarf;
				ENABLE_STRICT_OBJC_MSGSEND = YES;
				ENABLE_TESTABILITY = YES;
				ENABLE_USER_SCRIPT_SANDBOXING = YES;
				GCC_C_LANGUAGE_STANDARD = gnu17;
				GCC_DYNAMIC_NO_PIC = NO;
				GCC_NO_COMMON_BLOCKS = YES;
				GCC_OPTIMIZATION_LEVEL = 0;
				GCC_PREPROCESSOR_DEFINITIONS = (
					"DEBUG=1",
					"$(inherited)",
				);
				GCC_WARN_64_TO_32_BIT_CONVERSION = YES;
				GCC_WARN_ABOUT_RETURN_TYPE = YES_ERROR;
				GCC_WARN_UNDECLARED_SELECTOR = YES;
				GCC_WARN_UNINITIALIZED_AUTOS = YES_AGGRESSIVE;
				GCC_WARN_UNUSED_FUNCTION = YES;
				GCC_WARN_UNUSED_VARIABLE = YES;
				IPHONEOS_DEPLOYMENT_TARGET = 18.2;
				LOCALIZATION_PREFERS_STRING_CATALOGS = YES;
				MTL_ENABLE_DEBUG_INFO = INCLUDE_SOURCE;
				MTL_FAST_MATH = YES;
				ONLY_ACTIVE_ARCH = YES;
				SDKROOT = iphoneos;
				SWIFT_ACTIVE_COMPILATION_CONDITIONS = "DEBUG $(inherited)";
				SWIFT_OPTIMIZATION_LEVEL = "-Onone";
			};
			name = Debug;
		};
		D4C6B42E2D8002220092D063 /* Release */ = {
			isa = XCBuildConfiguration;
			buildSettings = {
				ALWAYS_SEARCH_USER_PATHS = NO;
				ASSETCATALOG_COMPILER_GENERATE_SWIFT_ASSET_SYMBOL_EXTENSIONS = YES;
				CLANG_ANALYZER_NONNULL = YES;
				CLANG_ANALYZER_NUMBER_OBJECT_CONVERSION = YES_AGGRESSIVE;
				CLANG_CXX_LANGUAGE_STANDARD = "gnu++20";
				CLANG_ENABLE_MODULES = YES;
				CLANG_ENABLE_OBJC_ARC = YES;
				CLANG_ENABLE_OBJC_WEAK = YES;
				CLANG_WARN_BLOCK_CAPTURE_AUTORELEASING = YES;
				CLANG_WARN_BOOL_CONVERSION = YES;
				CLANG_WARN_COMMA = YES;
				CLANG_WARN_CONSTANT_CONVERSION = YES;
				CLANG_WARN_DEPRECATED_OBJC_IMPLEMENTATIONS = YES;
				CLANG_WARN_DIRECT_OBJC_ISA_USAGE = YES_ERROR;
				CLANG_WARN_DOCUMENTATION_COMMENTS = YES;
				CLANG_WARN_EMPTY_BODY = YES;
				CLANG_WARN_ENUM_CONVERSION = YES;
				CLANG_WARN_INFINITE_RECURSION = YES;
				CLANG_WARN_INT_CONVERSION = YES;
				CLANG_WARN_NON_LITERAL_NULL_CONVERSION = YES;
				CLANG_WARN_OBJC_IMPLICIT_RETAIN_SELF = YES;
				CLANG_WARN_OBJC_LITERAL_CONVERSION = YES;
				CLANG_WARN_OBJC_ROOT_CLASS = YES_ERROR;
				CLANG_WARN_QUOTED_INCLUDE_IN_FRAMEWORK_HEADER = YES;
				CLANG_WARN_RANGE_LOOP_ANALYSIS = YES;
				CLANG_WARN_STRICT_PROTOTYPES = YES;
				CLANG_WARN_SUSPICIOUS_MOVE = YES;
				CLANG_WARN_UNGUARDED_AVAILABILITY = YES_AGGRESSIVE;
				CLANG_WARN_UNREACHABLE_CODE = YES;
				CLANG_WARN__DUPLICATE_METHOD_MATCH = YES;
				COPY_PHASE_STRIP = NO;
				DEBUG_INFORMATION_FORMAT = "dwarf-with-dsym";
				ENABLE_NS_ASSERTIONS = NO;
				ENABLE_STRICT_OBJC_MSGSEND = YES;
				ENABLE_USER_SCRIPT_SANDBOXING = YES;
				GCC_C_LANGUAGE_STANDARD = gnu17;
				GCC_NO_COMMON_BLOCKS = YES;
				GCC_WARN_64_TO_32_BIT_CONVERSION = YES;
				GCC_WARN_ABOUT_RETURN_TYPE = YES_ERROR;
				GCC_WARN_UNDECLARED_SELECTOR = YES;
				GCC_WARN_UNINITIALIZED_AUTOS = YES_AGGRESSIVE;
				GCC_WARN_UNUSED_FUNCTION = YES;
				GCC_WARN_UNUSED_VARIABLE = YES;
				IPHONEOS_DEPLOYMENT_TARGET = 18.2;
				LOCALIZATION_PREFERS_STRING_CATALOGS = YES;
				MTL_ENABLE_DEBUG_INFO = NO;
				MTL_FAST_MATH = YES;
				SDKROOT = iphoneos;
				SWIFT_COMPILATION_MODE = wholemodule;
				VALIDATE_PRODUCT = YES;
			};
			name = Release;
		};
		D4C6B4302D8002220092D063 /* Debug */ = {
			isa = XCBuildConfiguration;
			buildSettings = {
				ASSETCATALOG_COMPILER_APPICON_NAME = AppIcon;
				ASSETCATALOG_COMPILER_GLOBAL_ACCENT_COLOR_NAME = AccentColor;
				CODE_SIGN_STYLE = Automatic;
				CURRENT_PROJECT_VERSION = 1;
				DEVELOPMENT_ASSET_PATHS = "\"SwiftUISample/Resources/Preview Content\"";
				DEVELOPMENT_TEAM = 42F6P42LNZ;
				ENABLE_PREVIEWS = YES;
				GENERATE_INFOPLIST_FILE = YES;
				INFOPLIST_FILE = "";
				INFOPLIST_KEY_NSCameraUsageDescription = "Needs Camera for spying on you";
				INFOPLIST_KEY_NSFaceIDUsageDescription = "We require your Face ID to perform Authentication";
				INFOPLIST_KEY_UIApplicationSceneManifest_Generation = YES;
				INFOPLIST_KEY_UIApplicationSupportsIndirectInputEvents = YES;
				INFOPLIST_KEY_UILaunchScreen_Generation = YES;
				INFOPLIST_KEY_UISupportedInterfaceOrientations_iPad = "UIInterfaceOrientationPortrait UIInterfaceOrientationPortraitUpsideDown UIInterfaceOrientationLandscapeLeft UIInterfaceOrientationLandscapeRight";
				INFOPLIST_KEY_UISupportedInterfaceOrientations_iPhone = "UIInterfaceOrientationPortrait UIInterfaceOrientationLandscapeLeft UIInterfaceOrientationLandscapeRight";
				LD_RUNPATH_SEARCH_PATHS = (
					"$(inherited)",
					"@executable_path/Frameworks",
				);
				MARKETING_VERSION = 1.0;
				PRODUCT_BUNDLE_IDENTIFIER = com.rizo.SwiftUISample;
				PRODUCT_NAME = "$(TARGET_NAME)";
				SWIFT_EMIT_LOC_STRINGS = YES;
				SWIFT_VERSION = 5.0;
				TARGETED_DEVICE_FAMILY = "1,2";
			};
			name = Debug;
		};
		D4C6B4312D8002220092D063 /* Release */ = {
			isa = XCBuildConfiguration;
			buildSettings = {
				ASSETCATALOG_COMPILER_APPICON_NAME = AppIcon;
				ASSETCATALOG_COMPILER_GLOBAL_ACCENT_COLOR_NAME = AccentColor;
				CODE_SIGN_STYLE = Automatic;
				CURRENT_PROJECT_VERSION = 1;
				DEVELOPMENT_ASSET_PATHS = "\"SwiftUISample/Resources/Preview Content\"";
				DEVELOPMENT_TEAM = 42F6P42LNZ;
				ENABLE_PREVIEWS = YES;
				GENERATE_INFOPLIST_FILE = YES;
				INFOPLIST_FILE = "";
				INFOPLIST_KEY_NSCameraUsageDescription = "Needs Camera for spying on you";
				INFOPLIST_KEY_NSFaceIDUsageDescription = "We require your Face ID to perform Authentication";
				INFOPLIST_KEY_UIApplicationSceneManifest_Generation = YES;
				INFOPLIST_KEY_UIApplicationSupportsIndirectInputEvents = YES;
				INFOPLIST_KEY_UILaunchScreen_Generation = YES;
				INFOPLIST_KEY_UISupportedInterfaceOrientations_iPad = "UIInterfaceOrientationPortrait UIInterfaceOrientationPortraitUpsideDown UIInterfaceOrientationLandscapeLeft UIInterfaceOrientationLandscapeRight";
				INFOPLIST_KEY_UISupportedInterfaceOrientations_iPhone = "UIInterfaceOrientationPortrait UIInterfaceOrientationLandscapeLeft UIInterfaceOrientationLandscapeRight";
				LD_RUNPATH_SEARCH_PATHS = (
					"$(inherited)",
					"@executable_path/Frameworks",
				);
				MARKETING_VERSION = 1.0;
				PRODUCT_BUNDLE_IDENTIFIER = com.rizo.SwiftUISample;
				PRODUCT_NAME = "$(TARGET_NAME)";
				SWIFT_EMIT_LOC_STRINGS = YES;
				SWIFT_VERSION = 5.0;
				TARGETED_DEVICE_FAMILY = "1,2";
			};
			name = Release;
		};
		D4EEED222D829CF000D87DB8 /* Debug */ = {
			isa = XCBuildConfiguration;
			buildSettings = {
				CODE_SIGN_STYLE = Automatic;
				CURRENT_PROJECT_VERSION = 1;
				DEVELOPMENT_TEAM = 42F6P42LNZ;
				GENERATE_INFOPLIST_FILE = YES;
				MARKETING_VERSION = 1.0;
				PRODUCT_BUNDLE_IDENTIFIER = com.rizo.SwiftUISampleUITests;
				PRODUCT_NAME = "$(TARGET_NAME)";
				SWIFT_EMIT_LOC_STRINGS = NO;
				SWIFT_VERSION = 5.0;
				TARGETED_DEVICE_FAMILY = "1,2";
				TEST_TARGET_NAME = SwiftUISample;
			};
			name = Debug;
		};
		D4EEED232D829CF000D87DB8 /* Release */ = {
			isa = XCBuildConfiguration;
			buildSettings = {
				CODE_SIGN_STYLE = Automatic;
				CURRENT_PROJECT_VERSION = 1;
				DEVELOPMENT_TEAM = 42F6P42LNZ;
				GENERATE_INFOPLIST_FILE = YES;
				MARKETING_VERSION = 1.0;
				PRODUCT_BUNDLE_IDENTIFIER = com.rizo.SwiftUISampleUITests;
				PRODUCT_NAME = "$(TARGET_NAME)";
				SWIFT_EMIT_LOC_STRINGS = NO;
				SWIFT_VERSION = 5.0;
				TARGETED_DEVICE_FAMILY = "1,2";
				TEST_TARGET_NAME = SwiftUISample;
			};
			name = Release;
		};
		D4EEED302D82B10200D87DB8 /* Debug */ = {
			isa = XCBuildConfiguration;
			buildSettings = {
				BUNDLE_LOADER = "$(TEST_HOST)";
				CLANG_ENABLE_MODULES = YES;
				CODE_SIGN_STYLE = Automatic;
				CURRENT_PROJECT_VERSION = 1;
				DEVELOPMENT_TEAM = 42F6P42LNZ;
				GENERATE_INFOPLIST_FILE = YES;
				MARKETING_VERSION = 1.0;
				PRODUCT_BUNDLE_IDENTIFIER = com.rizo.SwiftUISampleUnitTests;
				PRODUCT_NAME = "$(TARGET_NAME)";
				SWIFT_EMIT_LOC_STRINGS = NO;
				SWIFT_OPTIMIZATION_LEVEL = "-Onone";
				SWIFT_VERSION = 5.0;
				TARGETED_DEVICE_FAMILY = "1,2";
				TEST_HOST = "$(BUILT_PRODUCTS_DIR)/SwiftUISample.app/$(BUNDLE_EXECUTABLE_FOLDER_PATH)/SwiftUISample";
			};
			name = Debug;
		};
		D4EEED312D82B10200D87DB8 /* Release */ = {
			isa = XCBuildConfiguration;
			buildSettings = {
				BUNDLE_LOADER = "$(TEST_HOST)";
				CLANG_ENABLE_MODULES = YES;
				CODE_SIGN_STYLE = Automatic;
				CURRENT_PROJECT_VERSION = 1;
				DEVELOPMENT_TEAM = 42F6P42LNZ;
				GENERATE_INFOPLIST_FILE = YES;
				MARKETING_VERSION = 1.0;
				PRODUCT_BUNDLE_IDENTIFIER = com.rizo.SwiftUISampleUnitTests;
				PRODUCT_NAME = "$(TARGET_NAME)";
				SWIFT_EMIT_LOC_STRINGS = NO;
				SWIFT_VERSION = 5.0;
				TARGETED_DEVICE_FAMILY = "1,2";
				TEST_HOST = "$(BUILT_PRODUCTS_DIR)/SwiftUISample.app/$(BUNDLE_EXECUTABLE_FOLDER_PATH)/SwiftUISample";
			};
			name = Release;
		};
/* End XCBuildConfiguration section */

/* Begin XCConfigurationList section */
		C141E5A92D840034008132D6 /* Build configuration list for PBXNativeTarget "SwiftUISampleSwiftUnitTests" */ = {
			isa = XCConfigurationList;
			buildConfigurations = (
				C141E5AA2D840034008132D6 /* Debug */,
				C141E5AB2D840034008132D6 /* Release */,
			);
			defaultConfigurationIsVisible = 0;
			defaultConfigurationName = Release;
		};
		D4C6B41C2D8002210092D063 /* Build configuration list for PBXProject "SwiftUISample" */ = {
			isa = XCConfigurationList;
			buildConfigurations = (
				D4C6B42D2D8002220092D063 /* Debug */,
				D4C6B42E2D8002220092D063 /* Release */,
			);
			defaultConfigurationIsVisible = 0;
			defaultConfigurationName = Release;
		};
		D4C6B42F2D8002220092D063 /* Build configuration list for PBXNativeTarget "SwiftUISample" */ = {
			isa = XCConfigurationList;
			buildConfigurations = (
				D4C6B4302D8002220092D063 /* Debug */,
				D4C6B4312D8002220092D063 /* Release */,
			);
			defaultConfigurationIsVisible = 0;
			defaultConfigurationName = Release;
		};
		D4EEED242D829CF000D87DB8 /* Build configuration list for PBXNativeTarget "SwiftUISampleUITests" */ = {
			isa = XCConfigurationList;
			buildConfigurations = (
				D4EEED222D829CF000D87DB8 /* Debug */,
				D4EEED232D829CF000D87DB8 /* Release */,
			);
			defaultConfigurationIsVisible = 0;
			defaultConfigurationName = Release;
		};
		D4EEED2F2D82B10200D87DB8 /* Build configuration list for PBXNativeTarget "SwiftUISampleUnitTests" */ = {
			isa = XCConfigurationList;
			buildConfigurations = (
				D4EEED302D82B10200D87DB8 /* Debug */,
				D4EEED312D82B10200D87DB8 /* Release */,
			);
			defaultConfigurationIsVisible = 0;
			defaultConfigurationName = Release;
		};
/* End XCConfigurationList section */

/* Begin XCRemoteSwiftPackageReference section */
		D45003AB2D89851A007BE3EB /* XCRemoteSwiftPackageReference "apollo-ios" */ = {
			isa = XCRemoteSwiftPackageReference;
			repositoryURL = "https://github.com/apollographql/apollo-ios.git";
			requirement = {
				kind = upToNextMajorVersion;
				minimumVersion = 1.18.0;
			};
		};
/* End XCRemoteSwiftPackageReference section */

/* Begin XCSwiftPackageProductDependency section */
		D45003BA2D89862C007BE3EB /* Apollo */ = {
			isa = XCSwiftPackageProductDependency;
			package = D45003AB2D89851A007BE3EB /* XCRemoteSwiftPackageReference "apollo-ios" */;
			productName = Apollo;
		};
/* End XCSwiftPackageProductDependency section */
	};
	rootObject = D4C6B4192D8002210092D063 /* Project object */;
}
